
Microsoft Visual Studio Solution File, Format Version 12.00
# Visual Studio Version 17
VisualStudioVersion = 17.10.34916.146
MinimumVisualStudioVersion = 10.0.40219.1
Project("{FAE04EC0-301F-11D3-BF4B-00C04F79EFBC}") = "CIS174Final", "CIS174Final.csproj", "{6319F8F5-D635-4C8C-867B-74A0798247B2}"
EndProject
Global
	GlobalSection(SolutionConfigurationPlatforms) = preSolution
		Debug|Any CPU = Debug|Any CPU
		Release|Any CPU = Release|Any CPU
	EndGlobalSection
	GlobalSection(ProjectConfigurationPlatforms) = postSolution
		{6319F8F5-D635-4C8C-867B-74A0798247B2}.Debug|Any CPU.ActiveCfg = Debug|Any CPU
		{6319F8F5-D635-4C8C-867B-74A0798247B2}.Debug|Any CPU.Build.0 = Debug|Any CPU
		{6319F8F5-D635-4C8C-867B-74A0798247B2}.Release|Any CPU.ActiveCfg = Release|Any CPU
		{6319F8F5-D635-4C8C-867B-74A0798247B2}.Release|Any CPU.Build.0 = Release|Any CPU
	EndGlobalSection
	GlobalSection(SolutionProperties) = preSolution
		HideSolutionNode = FALSE
	EndGlobalSection
	GlobalSection(ExtensibilityGlobals) = postSolution
		SolutionGuid = {57D23B0A-52AD-4520-865C-6CC9326879C1}
	EndGlobalSection
EndGlobal
